github.com/coreos/etcd v3.2.10+incompatible h1:NkUqlD6mRRcLK+WPDG5USZYMn8qgnaGD89KTIhboaPQ=
github.com/coreos/etcd v3.2.10+incompatible/go.mod h1:uF7uidLiAD3TWHmW31ZFd/JWoc32PjwdhPthX9715RE=
github.com/coreos/go-semver v0.2.0 h1:3Jm3tLmsgAYcjC+4Up7hJrFBPr+n7rAqYeSw/SZazuY=
github.com/coreos/go-semver v0.2.0/go.mod h1:nnelYz7RCh+5ahJtPPxZlU+153eP4D4r3EedlOD2RNk=
github.com/gin-contrib/sse v0.0.0-20170109093832-22d885f9ecc7 h1:AzN37oI0cOS+cougNAV9szl6CVoj2RYwzS3DpUQNtlY=
github.com/gin-contrib/sse v0.0.0-20170109093832-22d885f9ecc7/go.mod h1:VJ0WA2NBN22VlZ2dKZQPAPnyWw5XTlK1KymzLKsr59s=
github.com/gin-gonic/gin v0.0.0-20170702092826-d459835d2b07 h1:cZPJWzd2oNeoS0oJM2TlN9rl0OnCgUr10gC8Q4mH+6M=
github.com/gin-gonic/gin v0.0.0-20170702092826-d459835d2b07/go.mod h1:7cKuhb5qV2ggCFctp2fJQ+ErvciLZrIeoOSOm6mUr7Y=
github.com/golang/protobuf v0.0.0-20170920220647-130e6b02ab05 h1:Kesru7U6Mhpf/x7rthxAKnr586VFmoE2NdEvkOKvfjg=
github.com/golang/protobuf v0.0.0-20170920220647-130e6b02ab05/go.mod h1:6lQm79b+lXiMfvg/cZm0SGofjICqVBUtrP5yJMmIC1U=
github.com/mattn/go-isatty v0.0.2 h1:F+DnWktyadxnOrohKLNUC9/GjFii5RJgY4GFG6ilggw=
github.com/mattn/go-isatty v0.0.2/go.mod h1:M+lRXTBqGeGNdLjl/ufCoiOlB5xdOkqRJdNxMWT7Zi4=
github.com/soyking/e3ch v1.0.1 h1:9jRGEU5hx0Z0JVqofH65sQsIOWFn4prd04HOxfZHnZA=
github.com/soyking/e3ch v1.0.1/go.mod h1:lmvCiFYCoYSsaFG+qAsa1FTPF/mvlyOjQM/bOW5KWY8=
github.com/ugorji/go v0.0.0-20170918222552-54210f4e076c h1:qU3vHuDIMp9u7C2igfsnhImvuhfr3hr7pPJku2rJQZg=
github.com/ugorji/go v0.0.0-20170918222552-54210f4e076c/go.mod h1:hnLbHMwcvSihnDhEfx2/BzKp2xb0Y+ErdfYcrs9tkJQ=
golang.org/x/net v0.0.0-20170922011244-0744d001aa84 h1:FFXeeSR9Hq1BBmpYJonYmvi9cTbUHJnNAASHkdlc0Zs=
golang.org/x/net v0.0.0-20170922011244-0744d001aa84/go.mod h1:mL1N/T3taQHkDXs73rZJwtUhF3w3ftmwwsq0BUmARs4=
golang.org/x/sys v0.0.0-20170922123423-429f518978ab/go.mod h1:STP8DvDyc/dI5b8T5hshtkjS+E42TnysNCUPdjciGhY=
golang.org/x/text v0.0.0-20170915090833-1cbadb444a80 h1:LMxnNSL1jel8frQKy+gjCcwcgLsd3UEDVGg9DD8ryxw=
golang.org/x/text v0.0.0-20170915090833-1cbadb444a80/go.mod h1:NqM8EUOU14njkJ3fqMW+pc6Ldnwhi/IjpwHt7yyuwOQ=
google.golang.org/genproto v0.0.0-20171123000638-7f0da29060c6 h1:XeDyj3T04lzu7D0EITpYMEKgsJiArG/gOU8v7bom7ys=
google.golang.org/genproto v0.0.0-20171123000638-7f0da29060c6/go.mod h1:JiN7NxoALGmiZfu7CAH4rXhgtRTLTxftemlI0sWmxmc=
google.golang.org/grpc v1.7.3 h1:bmG7wSYa1BNrhk69GOs30u8QN7qfRm+YBw0XVPMBiu8=
google.golang.org/grpc v1.7.3/go.mod h1:yo6s7OP7yaDglbqo1J04qKzAhqBH6lvTonzMVmEdcZw=
gopkg.in/go-playground/validator.v8 v8.18.2 h1:lFB4DoMU6B626w8ny76MV7VX6W2VHct2GVOI3xgiMrQ=
gopkg.in/go-playground/validator.v8 v8.18.2/go.mod h1:RX2a/7Ha8BgOhfk7j780h4/u/RRjR0eouCJSH80/M2Y=
gopkg.in/ini.v1 v1.28.2 h1:/p3adI/bCoZPf3R1Jdu821hCb5KAReBelLh5BEuQjEc=
gopkg.in/ini.v1 v1.28.2/go.mod h1:pNLf8WUiyNEtQjuu5G5vTm06TEv9tsIgeAvK8hOrP4k=
gopkg.in/yaml.v2 v2.0.0-20170812160011-eb3733d160e7 h1:+t9dhfO+GNOIGJof6kPOAenx7YgrZMTdRPV+EsnPabk=
gopkg.in/yaml.v2 v2.0.0-20170812160011-eb3733d160e7/go.mod h1:JAlM8MvJe8wmxCU4Bli9HhUf9+ttbYbLASfIpnQbh74=
